
Microsoft Visual Studio Solution File, Format Version 12.00
# Visual Studio Version 17
VisualStudioVersion = 17.4.33110.190
MinimumVisualStudioVersion = 10.0.40219.1
Project("{FAE04EC0-301F-11D3-BF4B-00C04F79EFBC}") = "MRT", "MRT\MRT.csproj", "{7A45736D-42BB-4F7C-BE7E-D2CE2A20409E}"
EndProject
Global
	GlobalSection(SolutionConfigurationPlatforms) = preSolution
		Debug|Any CPU = Debug|Any CPU
		Release|Any CPU = Release|Any CPU
	EndGlobalSection
	GlobalSection(ProjectConfigurationPlatforms) = postSolution
		{7A45736D-42BB-4F7C-BE7E-D2CE2A20409E}.Debug|Any CPU.ActiveCfg = Debug|Any CPU
		{7A45736D-42BB-4F7C-BE7E-D2CE2A20409E}.Debug|Any CPU.Build.0 = Debug|Any CPU
		{7A45736D-42BB-4F7C-BE7E-D2CE2A20409E}.Release|Any CPU.ActiveCfg = Release|Any CPU
		{7A45736D-42BB-4F7C-BE7E-D2CE2A20409E}.Release|Any CPU.Build.0 = Release|Any CPU
	EndGlobalSection
	GlobalSection(SolutionProperties) = preSolution
		HideSolutionNode = FALSE
	EndGlobalSection
	GlobalSection(ExtensibilityGlobals) = postSolution
		SolutionGuid = {4861B599-0AE4-4670-BFF7-F72CB065BF58}
	EndGlobalSection
EndGlobal
